
Microsoft Visual Studio Solution File, Format Version 12.00
# Visual Studio 2012
Project("{8BC9CEB8-8B4A-11D0-8D11-00A0C91BC942}") = "Vesper5Trainer", "Vesper5Trainer\Vesper5Trainer.vcxproj", "{2A5674E3-447D-4B2F-B9DC-A56B7F0A4BA8}"
EndProject
Global
	GlobalSection(SolutionConfigurationPlatforms) = preSolution
		Debug|Win32 = Debug|Win32
		Release|Win32 = Release|Win32
	EndGlobalSection
	GlobalSection(ProjectConfigurationPlatforms) = postSolution
		{2A5674E3-447D-4B2F-B9DC-A56B7F0A4BA8}.Debug|Win32.ActiveCfg = Debug|Win32
		{2A5674E3-447D-4B2F-B9DC-A56B7F0A4BA8}.Debug|Win32.Build.0 = Debug|Win32
		{2A5674E3-447D-4B2F-B9DC-A56B7F0A4BA8}.Release|Win32.ActiveCfg = Release|Win32
		{2A5674E3-447D-4B2F-B9DC-A56B7F0A4BA8}.Release|Win32.Build.0 = Release|Win32
	EndGlobalSection
	GlobalSection(SolutionProperties) = preSolution
		HideSolutionNode = FALSE
	EndGlobalSection
EndGlobal
